
Microsoft Visual Studio Solution File, Format Version 12.00
# Visual Studio 2012
Project("{FAE04EC0-301F-11D3-BF4B-00C04F79EFBC}") = "MixPanel-IOS", "MixPanel-IOS\MixPanel-IOS.csproj", "{8015F344-BCD2-40DA-AAAA-5A86FB1FD2EE}"
EndProject
Global
	GlobalSection(SolutionConfigurationPlatforms) = preSolution
		Debug|Any CPU = Debug|Any CPU
		Release|Any CPU = Release|Any CPU
	EndGlobalSection
	GlobalSection(ProjectConfigurationPlatforms) = postSolution
		{8015F344-BCD2-40DA-AAAA-5A86FB1FD2EE}.Debug|Any CPU.ActiveCfg = Debug|Any CPU
		{8015F344-BCD2-40DA-AAAA-5A86FB1FD2EE}.Debug|Any CPU.Build.0 = Debug|Any CPU
		{8015F344-BCD2-40DA-AAAA-5A86FB1FD2EE}.Release|Any CPU.ActiveCfg = Release|Any CPU
		{8015F344-BCD2-40DA-AAAA-5A86FB1FD2EE}.Release|Any CPU.Build.0 = Release|Any CPU
	EndGlobalSection
	GlobalSection(MonoDevelopProperties) = preSolution
		StartupItem = MixPanel-IOS\MixPanel-IOS.csproj
	EndGlobalSection
EndGlobal
